
Microsoft Visual Studio Solution File, Format Version 12.00
# Visual Studio Version 17
VisualStudioVersion = 17.2.32519.379
MinimumVisualStudioVersion = 10.0.40219.1
Project("{FAE04EC0-301F-11D3-BF4B-00C04F79EFBC}") = "CRUDDaper", "CRUDDaper\CRUDDaper.csproj", "{16DF6A8E-DC04-42B1-8D7D-C8507A3A2D42}"
EndProject
Global
	GlobalSection(SolutionConfigurationPlatforms) = preSolution
		Debug|Any CPU = Debug|Any CPU
		Release|Any CPU = Release|Any CPU
	EndGlobalSection
	GlobalSection(ProjectConfigurationPlatforms) = postSolution
		{16DF6A8E-DC04-42B1-8D7D-C8507A3A2D42}.Debug|Any CPU.ActiveCfg = Debug|Any CPU
		{16DF6A8E-DC04-42B1-8D7D-C8507A3A2D42}.Debug|Any CPU.Build.0 = Debug|Any CPU
		{16DF6A8E-DC04-42B1-8D7D-C8507A3A2D42}.Release|Any CPU.ActiveCfg = Release|Any CPU
		{16DF6A8E-DC04-42B1-8D7D-C8507A3A2D42}.Release|Any CPU.Build.0 = Release|Any CPU
	EndGlobalSection
	GlobalSection(SolutionProperties) = preSolution
		HideSolutionNode = FALSE
	EndGlobalSection
	GlobalSection(ExtensibilityGlobals) = postSolution
		SolutionGuid = {1BBB9290-D988-401C-9C1B-CE3697CF24B1}
	EndGlobalSection
EndGlobal
